
Microsoft Visual Studio Solution File, Format Version 12.00
# Visual Studio Version 16
VisualStudioVersion = 16.0.29920.165
MinimumVisualStudioVersion = 10.0.40219.1
Project("{FAE04EC0-301F-11D3-BF4B-00C04F79EFBC}") = "BookStore-API", "BookStore-API\BookStore-API.csproj", "{3CDD9FFB-CBFA-4657-A20B-4ED757636A4C}"
EndProject
Global
	GlobalSection(SolutionConfigurationPlatforms) = preSolution
		Debug|Any CPU = Debug|Any CPU
		Release|Any CPU = Release|Any CPU
	EndGlobalSection
	GlobalSection(ProjectConfigurationPlatforms) = postSolution
		{3CDD9FFB-CBFA-4657-A20B-4ED757636A4C}.Debug|Any CPU.ActiveCfg = Debug|Any CPU
		{3CDD9FFB-CBFA-4657-A20B-4ED757636A4C}.Debug|Any CPU.Build.0 = Debug|Any CPU
		{3CDD9FFB-CBFA-4657-A20B-4ED757636A4C}.Release|Any CPU.ActiveCfg = Release|Any CPU
		{3CDD9FFB-CBFA-4657-A20B-4ED757636A4C}.Release|Any CPU.Build.0 = Release|Any CPU
	EndGlobalSection
	GlobalSection(SolutionProperties) = preSolution
		HideSolutionNode = FALSE
	EndGlobalSection
	GlobalSection(ExtensibilityGlobals) = postSolution
		SolutionGuid = {850BA304-D03B-4EC7-8C78-04BE672CA7E6}
	EndGlobalSection
EndGlobal
